
Microsoft Visual Studio Solution File, Format Version 12.00
# Visual Studio 15
VisualStudioVersion = 15.0.26403.3
MinimumVisualStudioVersion = 10.0.40219.1
Project("{FAE04EC0-301F-11D3-BF4B-00C04F79EFBC}") = "Laboratorio.Web", "Laboratorio.Web\Laboratorio.Web.csproj", "{548C383C-B683-44FD-B9EC-D1F1FDDA2A87}"
EndProject
Project("{FAE04EC0-301F-11D3-BF4B-00C04F79EFBC}") = "Laboratorio.Libreria", "Laboratorio.Libreria\Laboratorio.Libreria.csproj", "{D80798D7-4D8E-46C1-9980-9638523F0928}"
EndProject
Project("{FAE04EC0-301F-11D3-BF4B-00C04F79EFBC}") = "Laboratorio.Administracion", "Laboratorio.Administracion\Laboratorio.Administracion.csproj", "{0EA0AC40-0D89-42D9-AD23-09B7362DDFE2}"
EndProject
Project("{FAE04EC0-301F-11D3-BF4B-00C04F79EFBC}") = "Laboratorio.Usuarios", "Laboratorio.Usuarios\Laboratorio.Usuarios.csproj", "{17CA4ED8-AC71-4C53-BD04-0D734353199F}"
EndProject
Project("{FAE04EC0-301F-11D3-BF4B-00C04F79EFBC}") = "Laboratorio.Archivero", "Laboratorio.Archivero\Laboratorio.Archivero.csproj", "{DCF91122-B71B-4204-BD08-D67C3E0CB560}"
EndProject
Global
	GlobalSection(SolutionConfigurationPlatforms) = preSolution
		Debug|Any CPU = Debug|Any CPU
		Release|Any CPU = Release|Any CPU
	EndGlobalSection
	GlobalSection(ProjectConfigurationPlatforms) = postSolution
		{548C383C-B683-44FD-B9EC-D1F1FDDA2A87}.Debug|Any CPU.ActiveCfg = Debug|Any CPU
		{548C383C-B683-44FD-B9EC-D1F1FDDA2A87}.Debug|Any CPU.Build.0 = Debug|Any CPU
		{548C383C-B683-44FD-B9EC-D1F1FDDA2A87}.Release|Any CPU.ActiveCfg = Release|Any CPU
		{548C383C-B683-44FD-B9EC-D1F1FDDA2A87}.Release|Any CPU.Build.0 = Release|Any CPU
		{D80798D7-4D8E-46C1-9980-9638523F0928}.Debug|Any CPU.ActiveCfg = Debug|Any CPU
		{D80798D7-4D8E-46C1-9980-9638523F0928}.Debug|Any CPU.Build.0 = Debug|Any CPU
		{D80798D7-4D8E-46C1-9980-9638523F0928}.Release|Any CPU.ActiveCfg = Release|Any CPU
		{D80798D7-4D8E-46C1-9980-9638523F0928}.Release|Any CPU.Build.0 = Release|Any CPU
		{0EA0AC40-0D89-42D9-AD23-09B7362DDFE2}.Debug|Any CPU.ActiveCfg = Debug|Any CPU
		{0EA0AC40-0D89-42D9-AD23-09B7362DDFE2}.Debug|Any CPU.Build.0 = Debug|Any CPU
		{0EA0AC40-0D89-42D9-AD23-09B7362DDFE2}.Release|Any CPU.ActiveCfg = Release|Any CPU
		{0EA0AC40-0D89-42D9-AD23-09B7362DDFE2}.Release|Any CPU.Build.0 = Release|Any CPU
		{17CA4ED8-AC71-4C53-BD04-0D734353199F}.Debug|Any CPU.ActiveCfg = Debug|Any CPU
		{17CA4ED8-AC71-4C53-BD04-0D734353199F}.Debug|Any CPU.Build.0 = Debug|Any CPU
		{17CA4ED8-AC71-4C53-BD04-0D734353199F}.Release|Any CPU.ActiveCfg = Release|Any CPU
		{17CA4ED8-AC71-4C53-BD04-0D734353199F}.Release|Any CPU.Build.0 = Release|Any CPU
		{DCF91122-B71B-4204-BD08-D67C3E0CB560}.Debug|Any CPU.ActiveCfg = Debug|Any CPU
		{DCF91122-B71B-4204-BD08-D67C3E0CB560}.Debug|Any CPU.Build.0 = Debug|Any CPU
		{DCF91122-B71B-4204-BD08-D67C3E0CB560}.Release|Any CPU.ActiveCfg = Release|Any CPU
		{DCF91122-B71B-4204-BD08-D67C3E0CB560}.Release|Any CPU.Build.0 = Release|Any CPU
	EndGlobalSection
	GlobalSection(SolutionProperties) = preSolution
		HideSolutionNode = FALSE
	EndGlobalSection
EndGlobal
